// !$*UTF8*$!
{
	archiveVersion = 1;
	classes = {
	};
	objectVersion = 55;
	objects = {

/* Begin PBXBuildFile section */
		277ED11F2746CDC00091C076 /* AppDelegate.swift in Sources */ = {isa = PBXBuildFile; fileRef = 277ED11E2746CDC00091C076 /* AppDelegate.swift */; };
		277ED1212746CDC00091C076 /* SceneDelegate.swift in Sources */ = {isa = PBXBuildFile; fileRef = 277ED1202746CDC00091C076 /* SceneDelegate.swift */; };
		277ED1262746CDC00091C076 /* MainTabBar.storyboard in Resources */ = {isa = PBXBuildFile; fileRef = 277ED1242746CDC00091C076 /* MainTabBar.storyboard */; };
		277ED1282746CDC40091C076 /* Assets.xcassets in Resources */ = {isa = PBXBuildFile; fileRef = 277ED1272746CDC40091C076 /* Assets.xcassets */; };
		277ED12B2746CDC40091C076 /* LaunchScreen.storyboard in Resources */ = {isa = PBXBuildFile; fileRef = 277ED1292746CDC40091C076 /* LaunchScreen.storyboard */; };
		277ED13A2746D2C00091C076 /* Zip in Frameworks */ = {isa = PBXBuildFile; productRef = 277ED1392746D2C00091C076 /* Zip */; };
		277ED13D2746D2D10091C076 /* JGProgressHUD in Frameworks */ = {isa = PBXBuildFile; productRef = 277ED13C2746D2D10091C076 /* JGProgressHUD */; };
		277ED1402746D2E10091C076 /* Toast in Frameworks */ = {isa = PBXBuildFile; productRef = 277ED13F2746D2E10091C076 /* Toast */; };
		277ED1432746D2EE0091C076 /* IQKeyboardManagerSwift in Frameworks */ = {isa = PBXBuildFile; productRef = 277ED1422746D2EE0091C076 /* IQKeyboardManagerSwift */; };
		277ED1462746D2FE0091C076 /* FSCalendar in Frameworks */ = {isa = PBXBuildFile; productRef = 277ED1452746D2FE0091C076 /* FSCalendar */; };
		277ED1492746D34A0091C076 /* Realm in Frameworks */ = {isa = PBXBuildFile; productRef = 277ED1482746D34A0091C076 /* Realm */; };
		277ED14B2746D34A0091C076 /* RealmSwift in Frameworks */ = {isa = PBXBuildFile; productRef = 277ED14A2746D34A0091C076 /* RealmSwift */; };
		277ED14D2746DA340091C076 /* CostModel.swift in Sources */ = {isa = PBXBuildFile; fileRef = 277ED14C2746DA340091C076 /* CostModel.swift */; };
		277ED14F2747FDEA0091C076 /* List.storyboard in Resources */ = {isa = PBXBuildFile; fileRef = 277ED14E2747FDEA0091C076 /* List.storyboard */; };
		277ED1512747FDFA0091C076 /* Calendar.storyboard in Resources */ = {isa = PBXBuildFile; fileRef = 277ED1502747FDFA0091C076 /* Calendar.storyboard */; };
		277ED1532747FE140091C076 /* ListViewController.swift in Sources */ = {isa = PBXBuildFile; fileRef = 277ED1522747FE140091C076 /* ListViewController.swift */; };
		277ED1552747FE240091C076 /* CalendarViewController.swift in Sources */ = {isa = PBXBuildFile; fileRef = 277ED1542747FE240091C076 /* CalendarViewController.swift */; };
		277ED157274805700091C076 /* RecordViewController.swift in Sources */ = {isa = PBXBuildFile; fileRef = 277ED156274805700091C076 /* RecordViewController.swift */; };
		277ED159274805820091C076 /* Record.storyboard in Resources */ = {isa = PBXBuildFile; fileRef = 277ED158274805820091C076 /* Record.storyboard */; };
		277ED15D274807B10091C076 /* MainTabBarController.swift in Sources */ = {isa = PBXBuildFile; fileRef = 277ED15C274807B10091C076 /* MainTabBarController.swift */; };
		277ED16027481A280091C076 /* JJFloatingActionButton in Frameworks */ = {isa = PBXBuildFile; productRef = 277ED15F27481A280091C076 /* JJFloatingActionButton */; };
/* End PBXBuildFile section */

/* Begin PBXFileReference section */
		277ED11B2746CDC00091C076 /* RetailTherapyRecord.app */ = {isa = PBXFileReference; explicitFileType = wrapper.application; includeInIndex = 0; path = RetailTherapyRecord.app; sourceTree = BUILT_PRODUCTS_DIR; };
		277ED11E2746CDC00091C076 /* AppDelegate.swift */ = {isa = PBXFileReference; lastKnownFileType = sourcecode.swift; path = AppDelegate.swift; sourceTree = "<group>"; };
		277ED1202746CDC00091C076 /* SceneDelegate.swift */ = {isa = PBXFileReference; lastKnownFileType = sourcecode.swift; path = SceneDelegate.swift; sourceTree = "<group>"; };
		277ED1252746CDC00091C076 /* Base */ = {isa = PBXFileReference; lastKnownFileType = file.storyboard; name = Base; path = Base.lproj/MainTabBar.storyboard; sourceTree = "<group>"; };
		277ED1272746CDC40091C076 /* Assets.xcassets */ = {isa = PBXFileReference; lastKnownFileType = folder.assetcatalog; path = Assets.xcassets; sourceTree = "<group>"; };
		277ED12A2746CDC40091C076 /* Base */ = {isa = PBXFileReference; lastKnownFileType = file.storyboard; name = Base; path = Base.lproj/LaunchScreen.storyboard; sourceTree = "<group>"; };
		277ED12C2746CDC40091C076 /* Info.plist */ = {isa = PBXFileReference; lastKnownFileType = text.plist.xml; path = Info.plist; sourceTree = "<group>"; };
		277ED14C2746DA340091C076 /* CostModel.swift */ = {isa = PBXFileReference; lastKnownFileType = sourcecode.swift; path = CostModel.swift; sourceTree = "<group>"; };
		277ED14E2747FDEA0091C076 /* List.storyboard */ = {isa = PBXFileReference; lastKnownFileType = file.storyboard; path = List.storyboard; sourceTree = "<group>"; };
		277ED1502747FDFA0091C076 /* Calendar.storyboard */ = {isa = PBXFileReference; lastKnownFileType = file.storyboard; path = Calendar.storyboard; sourceTree = "<group>"; };
		277ED1522747FE140091C076 /* ListViewController.swift */ = {isa = PBXFileReference; lastKnownFileType = sourcecode.swift; path = ListViewController.swift; sourceTree = "<group>"; };
		277ED1542747FE240091C076 /* CalendarViewController.swift */ = {isa = PBXFileReference; lastKnownFileType = sourcecode.swift; path = CalendarViewController.swift; sourceTree = "<group>"; };
		277ED156274805700091C076 /* RecordViewController.swift */ = {isa = PBXFileReference; lastKnownFileType = sourcecode.swift; path = RecordViewController.swift; sourceTree = "<group>"; };
		277ED158274805820091C076 /* Record.storyboard */ = {isa = PBXFileReference; lastKnownFileType = file.storyboard; path = Record.storyboard; sourceTree = "<group>"; };
		277ED15C274807B10091C076 /* MainTabBarController.swift */ = {isa = PBXFileReference; lastKnownFileType = sourcecode.swift; path = MainTabBarController.swift; sourceTree = "<group>"; };
/* End PBXFileReference section */

/* Begin PBXFrameworksBuildPhase section */
		277ED1182746CDC00091C076 /* Frameworks */ = {
			isa = PBXFrameworksBuildPhase;
			buildActionMask = 2147483647;
			files = (
				277ED16027481A280091C076 /* JJFloatingActionButton in Frameworks */,
				277ED1492746D34A0091C076 /* Realm in Frameworks */,
				277ED1402746D2E10091C076 /* Toast in Frameworks */,
				277ED14B2746D34A0091C076 /* RealmSwift in Frameworks */,
				277ED1432746D2EE0091C076 /* IQKeyboardManagerSwift in Frameworks */,
				277ED13D2746D2D10091C076 /* JGProgressHUD in Frameworks */,
				277ED1462746D2FE0091C076 /* FSCalendar in Frameworks */,
				277ED13A2746D2C00091C076 /* Zip in Frameworks */,
			);
			runOnlyForDeploymentPostprocessing = 0;
		};
/* End PBXFrameworksBuildPhase section */

/* Begin PBXGroup section */
		277ED1122746CDC00091C076 = {
			isa = PBXGroup;
			children = (
				277ED11D2746CDC00091C076 /* RetailTherapyRecord */,
				277ED11C2746CDC00091C076 /* Products */,
			);
			sourceTree = "<group>";
		};
		277ED11C2746CDC00091C076 /* Products */ = {
			isa = PBXGroup;
			children = (
				277ED11B2746CDC00091C076 /* RetailTherapyRecord.app */,
			);
			name = Products;
			sourceTree = "<group>";
		};
		277ED11D2746CDC00091C076 /* RetailTherapyRecord */ = {
			isa = PBXGroup;
			children = (
				277ED1372746CF370091C076 /* ViewControllers */,
				277ED1352746CF190091C076 /* Models */,
				277ED1342746CF0E0091C076 /* Extensions */,
				277ED1362746CF2A0091C076 /* SupportFiles */,
			);
			path = RetailTherapyRecord;
			sourceTree = "<group>";
		};
		277ED1342746CF0E0091C076 /* Extensions */ = {
			isa = PBXGroup;
			children = (
			);
			path = Extensions;
			sourceTree = "<group>";
		};
		277ED1352746CF190091C076 /* Models */ = {
			isa = PBXGroup;
			children = (
				277ED14C2746DA340091C076 /* CostModel.swift */,
			);
			path = Models;
			sourceTree = "<group>";
		};
		277ED1362746CF2A0091C076 /* SupportFiles */ = {
			isa = PBXGroup;
			children = (
				277ED11E2746CDC00091C076 /* AppDelegate.swift */,
				277ED1202746CDC00091C076 /* SceneDelegate.swift */,
				277ED1272746CDC40091C076 /* Assets.xcassets */,
				277ED12C2746CDC40091C076 /* Info.plist */,
			);
			path = SupportFiles;
			sourceTree = "<group>";
		};
		277ED1372746CF370091C076 /* ViewControllers */ = {
			isa = PBXGroup;
			children = (
				277ED1292746CDC40091C076 /* LaunchScreen.storyboard */,
				277ED1242746CDC00091C076 /* MainTabBar.storyboard */,
				277ED15C274807B10091C076 /* MainTabBarController.swift */,
				277ED14E2747FDEA0091C076 /* List.storyboard */,
				277ED1522747FE140091C076 /* ListViewController.swift */,
				277ED1502747FDFA0091C076 /* Calendar.storyboard */,
				277ED1542747FE240091C076 /* CalendarViewController.swift */,
				277ED158274805820091C076 /* Record.storyboard */,
				277ED156274805700091C076 /* RecordViewController.swift */,
			);
			path = ViewControllers;
			sourceTree = "<group>";
		};
/* End PBXGroup section */

/* Begin PBXNativeTarget section */
		277ED11A2746CDC00091C076 /* RetailTherapyRecord */ = {
			isa = PBXNativeTarget;
			buildConfigurationList = 277ED12F2746CDC40091C076 /* Build configuration list for PBXNativeTarget "RetailTherapyRecord" */;
			buildPhases = (
				277ED1172746CDC00091C076 /* Sources */,
				277ED1182746CDC00091C076 /* Frameworks */,
				277ED1192746CDC00091C076 /* Resources */,
			);
			buildRules = (
			);
			dependencies = (
			);
			name = RetailTherapyRecord;
			packageProductDependencies = (
				277ED1392746D2C00091C076 /* Zip */,
				277ED13C2746D2D10091C076 /* JGProgressHUD */,
				277ED13F2746D2E10091C076 /* Toast */,
				277ED1422746D2EE0091C076 /* IQKeyboardManagerSwift */,
				277ED1452746D2FE0091C076 /* FSCalendar */,
				277ED1482746D34A0091C076 /* Realm */,
				277ED14A2746D34A0091C076 /* RealmSwift */,
				277ED15F27481A280091C076 /* JJFloatingActionButton */,
			);
			productName = RetailTherapyRecord;
			productReference = 277ED11B2746CDC00091C076 /* RetailTherapyRecord.app */;
			productType = "com.apple.product-type.application";
		};
/* End PBXNativeTarget section */

/* Begin PBXProject section */
		277ED1132746CDC00091C076 /* Project object */ = {
			isa = PBXProject;
			attributes = {
				BuildIndependentTargetsInParallel = 1;
				LastSwiftUpdateCheck = 1310;
				LastUpgradeCheck = 1310;
				TargetAttributes = {
					277ED11A2746CDC00091C076 = {
						CreatedOnToolsVersion = 13.1;
					};
				};
			};
			buildConfigurationList = 277ED1162746CDC00091C076 /* Build configuration list for PBXProject "RetailTherapyRecord" */;
			compatibilityVersion = "Xcode 13.0";
			developmentRegion = en;
			hasScannedForEncodings = 0;
			knownRegions = (
				en,
				Base,
			);
			mainGroup = 277ED1122746CDC00091C076;
			packageReferences = (
				277ED1382746D2C00091C076 /* XCRemoteSwiftPackageReference "Zip" */,
				277ED13B2746D2D10091C076 /* XCRemoteSwiftPackageReference "JGProgressHUD" */,
				277ED13E2746D2E10091C076 /* XCRemoteSwiftPackageReference "Toast-Swift" */,
				277ED1412746D2EE0091C076 /* XCRemoteSwiftPackageReference "IQKeyboardManager" */,
				277ED1442746D2FE0091C076 /* XCRemoteSwiftPackageReference "FSCalendar" */,
				277ED1472746D34A0091C076 /* XCRemoteSwiftPackageReference "realm-cocoa" */,
				277ED15E27481A280091C076 /* XCRemoteSwiftPackageReference "JJFloatingActionButton" */,
			);
			productRefGroup = 277ED11C2746CDC00091C076 /* Products */;
			projectDirPath = "";
			projectRoot = "";
			targets = (
				277ED11A2746CDC00091C076 /* RetailTherapyRecord */,
			);
		};
/* End PBXProject section */

/* Begin PBXResourcesBuildPhase section */
		277ED1192746CDC00091C076 /* Resources */ = {
			isa = PBXResourcesBuildPhase;
			buildActionMask = 2147483647;
			files = (
				277ED12B2746CDC40091C076 /* LaunchScreen.storyboard in Resources */,
				277ED1282746CDC40091C076 /* Assets.xcassets in Resources */,
				277ED14F2747FDEA0091C076 /* List.storyboard in Resources */,
				277ED159274805820091C076 /* Record.storyboard in Resources */,
				277ED1512747FDFA0091C076 /* Calendar.storyboard in Resources */,
				277ED1262746CDC00091C076 /* MainTabBar.storyboard in Resources */,
			);
			runOnlyForDeploymentPostprocessing = 0;
		};
/* End PBXResourcesBuildPhase section */

/* Begin PBXSourcesBuildPhase section */
		277ED1172746CDC00091C076 /* Sources */ = {
			isa = PBXSourcesBuildPhase;
			buildActionMask = 2147483647;
			files = (
				277ED1552747FE240091C076 /* CalendarViewController.swift in Sources */,
				277ED14D2746DA340091C076 /* CostModel.swift in Sources */,
				277ED157274805700091C076 /* RecordViewController.swift in Sources */,
				277ED15D274807B10091C076 /* MainTabBarController.swift in Sources */,
				277ED11F2746CDC00091C076 /* AppDelegate.swift in Sources */,
				277ED1532747FE140091C076 /* ListViewController.swift in Sources */,
				277ED1212746CDC00091C076 /* SceneDelegate.swift in Sources */,
			);
			runOnlyForDeploymentPostprocessing = 0;
		};
/* End PBXSourcesBuildPhase section */

/* Begin PBXVariantGroup section */
		277ED1242746CDC00091C076 /* MainTabBar.storyboard */ = {
			isa = PBXVariantGroup;
			children = (
				277ED1252746CDC00091C076 /* Base */,
			);
			name = MainTabBar.storyboard;
			sourceTree = "<group>";
		};
		277ED1292746CDC40091C076 /* LaunchScreen.storyboard */ = {
			isa = PBXVariantGroup;
			children = (
				277ED12A2746CDC40091C076 /* Base */,
			);
			name = LaunchScreen.storyboard;
			sourceTree = "<group>";
		};
/* End PBXVariantGroup section */

/* Begin XCBuildConfiguration section */
		277ED12D2746CDC40091C076 /* Debug */ = {
			isa = XCBuildConfiguration;
			buildSettings = {
				ALWAYS_SEARCH_USER_PATHS = NO;
				CLANG_ANALYZER_NONNULL = YES;
				CLANG_ANALYZER_NUMBER_OBJECT_CONVERSION = YES_AGGRESSIVE;
				CLANG_CXX_LANGUAGE_STANDARD = "gnu++17";
				CLANG_CXX_LIBRARY = "libc++";
				CLANG_ENABLE_MODULES = YES;
				CLANG_ENABLE_OBJC_ARC = YES;
				CLANG_ENABLE_OBJC_WEAK = YES;
				CLANG_WARN_BLOCK_CAPTURE_AUTORELEASING = YES;
				CLANG_WARN_BOOL_CONVERSION = YES;
				CLANG_WARN_COMMA = YES;
				CLANG_WARN_CONSTANT_CONVERSION = YES;
				CLANG_WARN_DEPRECATED_OBJC_IMPLEMENTATIONS = YES;
				CLANG_WARN_DIRECT_OBJC_ISA_USAGE = YES_ERROR;
				CLANG_WARN_DOCUMENTATION_COMMENTS = YES;
				CLANG_WARN_EMPTY_BODY = YES;
				CLANG_WARN_ENUM_CONVERSION = YES;
				CLANG_WARN_INFINITE_RECURSION = YES;
				CLANG_WARN_INT_CONVERSION = YES;
				CLANG_WARN_NON_LITERAL_NULL_CONVERSION = YES;
				CLANG_WARN_OBJC_IMPLICIT_RETAIN_SELF = YES;
				CLANG_WARN_OBJC_LITERAL_CONVERSION = YES;
				CLANG_WARN_OBJC_ROOT_CLASS = YES_ERROR;
				CLANG_WARN_QUOTED_INCLUDE_IN_FRAMEWORK_HEADER = YES;
				CLANG_WARN_RANGE_LOOP_ANALYSIS = YES;
				CLANG_WARN_STRICT_PROTOTYPES = YES;
				CLANG_WARN_SUSPICIOUS_MOVE = YES;
				CLANG_WARN_UNGUARDED_AVAILABILITY = YES_AGGRESSIVE;
				CLANG_WARN_UNREACHABLE_CODE = YES;
				CLANG_WARN__DUPLICATE_METHOD_MATCH = YES;
				COPY_PHASE_STRIP = NO;
				DEBUG_INFORMATION_FORMAT = dwarf;
				ENABLE_STRICT_OBJC_MSGSEND = YES;
				ENABLE_TESTABILITY = YES;
				GCC_C_LANGUAGE_STANDARD = gnu11;
				GCC_DYNAMIC_NO_PIC = NO;
				GCC_NO_COMMON_BLOCKS = YES;
				GCC_OPTIMIZATION_LEVEL = 0;
				GCC_PREPROCESSOR_DEFINITIONS = (
					"DEBUG=1",
					"$(inherited)",
				);
				GCC_WARN_64_TO_32_BIT_CONVERSION = YES;
				GCC_WARN_ABOUT_RETURN_TYPE = YES_ERROR;
				GCC_WARN_UNDECLARED_SELECTOR = YES;
				GCC_WARN_UNINITIALIZED_AUTOS = YES_AGGRESSIVE;
				GCC_WARN_UNUSED_FUNCTION = YES;
				GCC_WARN_UNUSED_VARIABLE = YES;
				IPHONEOS_DEPLOYMENT_TARGET = 15.0;
				MTL_ENABLE_DEBUG_INFO = INCLUDE_SOURCE;
				MTL_FAST_MATH = YES;
				ONLY_ACTIVE_ARCH = YES;
				SDKROOT = iphoneos;
				SWIFT_ACTIVE_COMPILATION_CONDITIONS = DEBUG;
				SWIFT_OPTIMIZATION_LEVEL = "-Onone";
			};
			name = Debug;
		};
		277ED12E2746CDC40091C076 /* Release */ = {
			isa = XCBuildConfiguration;
			buildSettings = {
				ALWAYS_SEARCH_USER_PATHS = NO;
				CLANG_ANALYZER_NONNULL = YES;
				CLANG_ANALYZER_NUMBER_OBJECT_CONVERSION = YES_AGGRESSIVE;
				CLANG_CXX_LANGUAGE_STANDARD = "gnu++17";
				CLANG_CXX_LIBRARY = "libc++";
				CLANG_ENABLE_MODULES = YES;
				CLANG_ENABLE_OBJC_ARC = YES;
				CLANG_ENABLE_OBJC_WEAK = YES;
				CLANG_WARN_BLOCK_CAPTURE_AUTORELEASING = YES;
				CLANG_WARN_BOOL_CONVERSION = YES;
				CLANG_WARN_COMMA = YES;
				CLANG_WARN_CONSTANT_CONVERSION = YES;
				CLANG_WARN_DEPRECATED_OBJC_IMPLEMENTATIONS = YES;
				CLANG_WARN_DIRECT_OBJC_ISA_USAGE = YES_ERROR;
				CLANG_WARN_DOCUMENTATION_COMMENTS = YES;
				CLANG_WARN_EMPTY_BODY = YES;
				CLANG_WARN_ENUM_CONVERSION = YES;
				CLANG_WARN_INFINITE_RECURSION = YES;
				CLANG_WARN_INT_CONVERSION = YES;
				CLANG_WARN_NON_LITERAL_NULL_CONVERSION = YES;
				CLANG_WARN_OBJC_IMPLICIT_RETAIN_SELF = YES;
				CLANG_WARN_OBJC_LITERAL_CONVERSION = YES;
				CLANG_WARN_OBJC_ROOT_CLASS = YES_ERROR;
				CLANG_WARN_QUOTED_INCLUDE_IN_FRAMEWORK_HEADER = YES;
				CLANG_WARN_RANGE_LOOP_ANALYSIS = YES;
				CLANG_WARN_STRICT_PROTOTYPES = YES;
				CLANG_WARN_SUSPICIOUS_MOVE = YES;
				CLANG_WARN_UNGUARDED_AVAILABILITY = YES_AGGRESSIVE;
				CLANG_WARN_UNREACHABLE_CODE = YES;
				CLANG_WARN__DUPLICATE_METHOD_MATCH = YES;
				COPY_PHASE_STRIP = NO;
				DEBUG_INFORMATION_FORMAT = "dwarf-with-dsym";
				ENABLE_NS_ASSERTIONS = NO;
				ENABLE_STRICT_OBJC_MSGSEND = YES;
				GCC_C_LANGUAGE_STANDARD = gnu11;
				GCC_NO_COMMON_BLOCKS = YES;
				GCC_WARN_64_TO_32_BIT_CONVERSION = YES;
				GCC_WARN_ABOUT_RETURN_TYPE = YES_ERROR;
				GCC_WARN_UNDECLARED_SELECTOR = YES;
				GCC_WARN_UNINITIALIZED_AUTOS = YES_AGGRESSIVE;
				GCC_WARN_UNUSED_FUNCTION = YES;
				GCC_WARN_UNUSED_VARIABLE = YES;
				IPHONEOS_DEPLOYMENT_TARGET = 15.0;
				MTL_ENABLE_DEBUG_INFO = NO;
				MTL_FAST_MATH = YES;
				SDKROOT = iphoneos;
				SWIFT_COMPILATION_MODE = wholemodule;
				SWIFT_OPTIMIZATION_LEVEL = "-O";
				VALIDATE_PRODUCT = YES;
			};
			name = Release;
		};
		277ED1302746CDC40091C076 /* Debug */ = {
			isa = XCBuildConfiguration;
			buildSettings = {
				ASSETCATALOG_COMPILER_APPICON_NAME = AppIcon;
				ASSETCATALOG_COMPILER_GLOBAL_ACCENT_COLOR_NAME = AccentColor;
				CODE_SIGN_STYLE = Automatic;
				CURRENT_PROJECT_VERSION = 1;
				DEVELOPMENT_TEAM = VJUS985676;
				GENERATE_INFOPLIST_FILE = YES;
				INFOPLIST_FILE = RetailTherapyRecord/SupportFiles/Info.plist;
				INFOPLIST_KEY_CFBundleDisplayName = "시발비용";
				INFOPLIST_KEY_UIApplicationSupportsIndirectInputEvents = YES;
				INFOPLIST_KEY_UILaunchStoryboardName = LaunchScreen;
				INFOPLIST_KEY_UIMainStoryboardFile = MainTabBar;
				INFOPLIST_KEY_UISupportedInterfaceOrientations_iPad = "UIInterfaceOrientationPortrait UIInterfaceOrientationPortraitUpsideDown UIInterfaceOrientationLandscapeLeft UIInterfaceOrientationLandscapeRight";
				INFOPLIST_KEY_UISupportedInterfaceOrientations_iPhone = "UIInterfaceOrientationPortrait UIInterfaceOrientationLandscapeLeft UIInterfaceOrientationLandscapeRight";
				IPHONEOS_DEPLOYMENT_TARGET = 13.0;
				LD_RUNPATH_SEARCH_PATHS = (
					"$(inherited)",
					"@executable_path/Frameworks",
				);
				MARKETING_VERSION = 1.0;
				PRODUCT_BUNDLE_IDENTIFIER = com.yeop.RetailTherapyRecord;
				PRODUCT_NAME = "$(TARGET_NAME)";
				SWIFT_EMIT_LOC_STRINGS = YES;
				SWIFT_VERSION = 5.0;
				TARGETED_DEVICE_FAMILY = "1,2";
			};
			name = Debug;
		};
		277ED1312746CDC40091C076 /* Release */ = {
			isa = XCBuildConfiguration;
			buildSettings = {
				ASSETCATALOG_COMPILER_APPICON_NAME = AppIcon;
				ASSETCATALOG_COMPILER_GLOBAL_ACCENT_COLOR_NAME = AccentColor;
				CODE_SIGN_STYLE = Automatic;
				CURRENT_PROJECT_VERSION = 1;
				DEVELOPMENT_TEAM = VJUS985676;
				GENERATE_INFOPLIST_FILE = YES;
				INFOPLIST_FILE = RetailTherapyRecord/SupportFiles/Info.plist;
				INFOPLIST_KEY_CFBundleDisplayName = "시발비용";
				INFOPLIST_KEY_UIApplicationSupportsIndirectInputEvents = YES;
				INFOPLIST_KEY_UILaunchStoryboardName = LaunchScreen;
				INFOPLIST_KEY_UIMainStoryboardFile = MainTabBar;
				INFOPLIST_KEY_UISupportedInterfaceOrientations_iPad = "UIInterfaceOrientationPortrait UIInterfaceOrientationPortraitUpsideDown UIInterfaceOrientationLandscapeLeft UIInterfaceOrientationLandscapeRight";
				INFOPLIST_KEY_UISupportedInterfaceOrientations_iPhone = "UIInterfaceOrientationPortrait UIInterfaceOrientationLandscapeLeft UIInterfaceOrientationLandscapeRight";
				IPHONEOS_DEPLOYMENT_TARGET = 13.0;
				LD_RUNPATH_SEARCH_PATHS = (
					"$(inherited)",
					"@executable_path/Frameworks",
				);
				MARKETING_VERSION = 1.0;
				PRODUCT_BUNDLE_IDENTIFIER = com.yeop.RetailTherapyRecord;
				PRODUCT_NAME = "$(TARGET_NAME)";
				SWIFT_EMIT_LOC_STRINGS = YES;
				SWIFT_VERSION = 5.0;
				TARGETED_DEVICE_FAMILY = "1,2";
			};
			name = Release;
		};
/* End XCBuildConfiguration section */

/* Begin XCConfigurationList section */
		277ED1162746CDC00091C076 /* Build configuration list for PBXProject "RetailTherapyRecord" */ = {
			isa = XCConfigurationList;
			buildConfigurations = (
				277ED12D2746CDC40091C076 /* Debug */,
				277ED12E2746CDC40091C076 /* Release */,
			);
			defaultConfigurationIsVisible = 0;
			defaultConfigurationName = Release;
		};
		277ED12F2746CDC40091C076 /* Build configuration list for PBXNativeTarget "RetailTherapyRecord" */ = {
			isa = XCConfigurationList;
			buildConfigurations = (
				277ED1302746CDC40091C076 /* Debug */,
				277ED1312746CDC40091C076 /* Release */,
			);
			defaultConfigurationIsVisible = 0;
			defaultConfigurationName = Release;
		};
/* End XCConfigurationList section */

/* Begin XCRemoteSwiftPackageReference section */
		277ED1382746D2C00091C076 /* XCRemoteSwiftPackageReference "Zip" */ = {
			isa = XCRemoteSwiftPackageReference;
			repositoryURL = "https://github.com/marmelroy/Zip.git";
			requirement = {
				kind = upToNextMajorVersion;
				minimumVersion = 2.0.0;
			};
		};
		277ED13B2746D2D10091C076 /* XCRemoteSwiftPackageReference "JGProgressHUD" */ = {
			isa = XCRemoteSwiftPackageReference;
			repositoryURL = "https://github.com/JonasGessner/JGProgressHUD.git";
			requirement = {
				kind = upToNextMajorVersion;
				minimumVersion = 2.0.0;
			};
		};
		277ED13E2746D2E10091C076 /* XCRemoteSwiftPackageReference "Toast-Swift" */ = {
			isa = XCRemoteSwiftPackageReference;
			repositoryURL = "https://github.com/scalessec/Toast-Swift.git";
			requirement = {
				kind = upToNextMajorVersion;
				minimumVersion = 5.0.0;
			};
		};
		277ED1412746D2EE0091C076 /* XCRemoteSwiftPackageReference "IQKeyboardManager" */ = {
			isa = XCRemoteSwiftPackageReference;
			repositoryURL = "https://github.com/hackiftekhar/IQKeyboardManager.git";
			requirement = {
				kind = upToNextMajorVersion;
				minimumVersion = 6.0.0;
			};
		};
		277ED1442746D2FE0091C076 /* XCRemoteSwiftPackageReference "FSCalendar" */ = {
			isa = XCRemoteSwiftPackageReference;
			repositoryURL = "https://github.com/WenchaoD/FSCalendar.git";
			requirement = {
				kind = upToNextMajorVersion;
				minimumVersion = 2.0.0;
			};
		};
		277ED1472746D34A0091C076 /* XCRemoteSwiftPackageReference "realm-cocoa" */ = {
			isa = XCRemoteSwiftPackageReference;
			repositoryURL = "https://github.com/realm/realm-cocoa.git";
			requirement = {
				kind = exactVersion;
				version = 10.18.0;
			};
		};
		277ED15E27481A280091C076 /* XCRemoteSwiftPackageReference "JJFloatingActionButton" */ = {
			isa = XCRemoteSwiftPackageReference;
			repositoryURL = "https://github.com/jjochen/JJFloatingActionButton.git";
			requirement = {
				kind = upToNextMajorVersion;
				minimumVersion = 2.0.0;
			};
		};
/* End XCRemoteSwiftPackageReference section */

/* Begin XCSwiftPackageProductDependency section */
		277ED1392746D2C00091C076 /* Zip */ = {
			isa = XCSwiftPackageProductDependency;
			package = 277ED1382746D2C00091C076 /* XCRemoteSwiftPackageReference "Zip" */;
			productName = Zip;
		};
		277ED13C2746D2D10091C076 /* JGProgressHUD */ = {
			isa = XCSwiftPackageProductDependency;
			package = 277ED13B2746D2D10091C076 /* XCRemoteSwiftPackageReference "JGProgressHUD" */;
			productName = JGProgressHUD;
		};
		277ED13F2746D2E10091C076 /* Toast */ = {
			isa = XCSwiftPackageProductDependency;
			package = 277ED13E2746D2E10091C076 /* XCRemoteSwiftPackageReference "Toast-Swift" */;
			productName = Toast;
		};
		277ED1422746D2EE0091C076 /* IQKeyboardManagerSwift */ = {
			isa = XCSwiftPackageProductDependency;
			package = 277ED1412746D2EE0091C076 /* XCRemoteSwiftPackageReference "IQKeyboardManager" */;
			productName = IQKeyboardManagerSwift;
		};
		277ED1452746D2FE0091C076 /* FSCalendar */ = {
			isa = XCSwiftPackageProductDependency;
			package = 277ED1442746D2FE0091C076 /* XCRemoteSwiftPackageReference "FSCalendar" */;
			productName = FSCalendar;
		};
		277ED1482746D34A0091C076 /* Realm */ = {
			isa = XCSwiftPackageProductDependency;
			package = 277ED1472746D34A0091C076 /* XCRemoteSwiftPackageReference "realm-cocoa" */;
			productName = Realm;
		};
		277ED14A2746D34A0091C076 /* RealmSwift */ = {
			isa = XCSwiftPackageProductDependency;
			package = 277ED1472746D34A0091C076 /* XCRemoteSwiftPackageReference "realm-cocoa" */;
			productName = RealmSwift;
		};
		277ED15F27481A280091C076 /* JJFloatingActionButton */ = {
			isa = XCSwiftPackageProductDependency;
			package = 277ED15E27481A280091C076 /* XCRemoteSwiftPackageReference "JJFloatingActionButton" */;
			productName = JJFloatingActionButton;
		};
/* End XCSwiftPackageProductDependency section */
	};
	rootObject = 277ED1132746CDC00091C076 /* Project object */;
}
