// !$*UTF8*$!
{
	archiveVersion = 1;
	classes = {
	};
	objectVersion = 55;
	objects = {

/* Begin PBXBuildFile section */
		060602FD2031B3C7BD1203E7 /* Pods_RetailTherapyRecord.framework in Frameworks */ = {isa = PBXBuildFile; fileRef = AD9C06B8260F11ED587A1429 /* Pods_RetailTherapyRecord.framework */; };
		27353A4227EB893E00B6D834 /* NotoSansCJKkr-Regular.otf in Resources */ = {isa = PBXBuildFile; fileRef = 27353A4027EB893D00B6D834 /* NotoSansCJKkr-Regular.otf */; };
		27353A4327EB893E00B6D834 /* NotoSansCJKkr-Medium.otf in Resources */ = {isa = PBXBuildFile; fileRef = 27353A4127EB893E00B6D834 /* NotoSansCJKkr-Medium.otf */; };
		275830142749584100CEE9FA /* Constants.swift in Sources */ = {isa = PBXBuildFile; fileRef = 275830132749584100CEE9FA /* Constants.swift */; };
		27604F39274AE97D00E7EABE /* DatePickerViewController.swift in Sources */ = {isa = PBXBuildFile; fileRef = 27604F38274AE97D00E7EABE /* DatePickerViewController.swift */; };
		27604F3B274AE98D00E7EABE /* EmotionPickerViewController.swift in Sources */ = {isa = PBXBuildFile; fileRef = 27604F3A274AE98D00E7EABE /* EmotionPickerViewController.swift */; };
		27604F3D274BE87700E7EABE /* DateFormatter+Extension.swift in Sources */ = {isa = PBXBuildFile; fileRef = 27604F3C274BE87600E7EABE /* DateFormatter+Extension.swift */; };
		27604F402752D28E00E7EABE /* smile.png in Resources */ = {isa = PBXBuildFile; fileRef = 27604F3F2752D28D00E7EABE /* smile.png */; };
		27604F472752D45300E7EABE /* expressionless.png in Resources */ = {isa = PBXBuildFile; fileRef = 27604F412752D45200E7EABE /* expressionless.png */; };
		27604F482752D45300E7EABE /* sad.png in Resources */ = {isa = PBXBuildFile; fileRef = 27604F422752D45200E7EABE /* sad.png */; };
		27604F492752D45300E7EABE /* rich.png in Resources */ = {isa = PBXBuildFile; fileRef = 27604F432752D45300E7EABE /* rich.png */; };
		27604F4B2752D45300E7EABE /* angry.png in Resources */ = {isa = PBXBuildFile; fileRef = 27604F452752D45300E7EABE /* angry.png */; };
		27604F4C2752D45300E7EABE /* cry.png in Resources */ = {isa = PBXBuildFile; fileRef = 27604F462752D45300E7EABE /* cry.png */; };
		2770B3CB2795E56000AF63A1 /* UITableViewCell+Extension.swift in Sources */ = {isa = PBXBuildFile; fileRef = 2770B3CA2795E56000AF63A1 /* UITableViewCell+Extension.swift */; };
		277ED11F2746CDC00091C076 /* AppDelegate.swift in Sources */ = {isa = PBXBuildFile; fileRef = 277ED11E2746CDC00091C076 /* AppDelegate.swift */; };
		277ED1212746CDC00091C076 /* SceneDelegate.swift in Sources */ = {isa = PBXBuildFile; fileRef = 277ED1202746CDC00091C076 /* SceneDelegate.swift */; };
		277ED1262746CDC00091C076 /* MainTabBar.storyboard in Resources */ = {isa = PBXBuildFile; fileRef = 277ED1242746CDC00091C076 /* MainTabBar.storyboard */; };
		277ED1282746CDC40091C076 /* Assets.xcassets in Resources */ = {isa = PBXBuildFile; fileRef = 277ED1272746CDC40091C076 /* Assets.xcassets */; };
		277ED12B2746CDC40091C076 /* LaunchScreen.storyboard in Resources */ = {isa = PBXBuildFile; fileRef = 277ED1292746CDC40091C076 /* LaunchScreen.storyboard */; };
		277ED1432746D2EE0091C076 /* IQKeyboardManagerSwift in Frameworks */ = {isa = PBXBuildFile; productRef = 277ED1422746D2EE0091C076 /* IQKeyboardManagerSwift */; };
		277ED1462746D2FE0091C076 /* FSCalendar in Frameworks */ = {isa = PBXBuildFile; productRef = 277ED1452746D2FE0091C076 /* FSCalendar */; };
		277ED1492746D34A0091C076 /* Realm in Frameworks */ = {isa = PBXBuildFile; productRef = 277ED1482746D34A0091C076 /* Realm */; };
		277ED14B2746D34A0091C076 /* RealmSwift in Frameworks */ = {isa = PBXBuildFile; productRef = 277ED14A2746D34A0091C076 /* RealmSwift */; };
		277ED14D2746DA340091C076 /* CostModel.swift in Sources */ = {isa = PBXBuildFile; fileRef = 277ED14C2746DA340091C076 /* CostModel.swift */; };
		277ED14F2747FDEA0091C076 /* List.storyboard in Resources */ = {isa = PBXBuildFile; fileRef = 277ED14E2747FDEA0091C076 /* List.storyboard */; };
		277ED1512747FDFA0091C076 /* Calendar.storyboard in Resources */ = {isa = PBXBuildFile; fileRef = 277ED1502747FDFA0091C076 /* Calendar.storyboard */; };
		277ED1532747FE140091C076 /* ListViewController.swift in Sources */ = {isa = PBXBuildFile; fileRef = 277ED1522747FE140091C076 /* ListViewController.swift */; };
		277ED1552747FE240091C076 /* CalendarViewController.swift in Sources */ = {isa = PBXBuildFile; fileRef = 277ED1542747FE240091C076 /* CalendarViewController.swift */; };
		277ED157274805700091C076 /* RecordViewController.swift in Sources */ = {isa = PBXBuildFile; fileRef = 277ED156274805700091C076 /* RecordViewController.swift */; };
		277ED159274805820091C076 /* Record.storyboard in Resources */ = {isa = PBXBuildFile; fileRef = 277ED158274805820091C076 /* Record.storyboard */; };
		277ED15D274807B10091C076 /* MainTabBarController.swift in Sources */ = {isa = PBXBuildFile; fileRef = 277ED15C274807B10091C076 /* MainTabBarController.swift */; };
		277ED16027481A280091C076 /* JJFloatingActionButton in Frameworks */ = {isa = PBXBuildFile; productRef = 277ED15F27481A280091C076 /* JJFloatingActionButton */; };
		277FDE8B275414970035C0B6 /* UILabel+Extension.swift in Sources */ = {isa = PBXBuildFile; fileRef = 277FDE8A275414960035C0B6 /* UILabel+Extension.swift */; };
		277FDE8F27576B800035C0B6 /* UIColor+Extension.swift in Sources */ = {isa = PBXBuildFile; fileRef = 277FDE8E27576B7F0035C0B6 /* UIColor+Extension.swift */; };
		277FDE912757D75D0035C0B6 /* greedy.png in Resources */ = {isa = PBXBuildFile; fileRef = 277FDE902757D75D0035C0B6 /* greedy.png */; };
		277FDE932757E2920035C0B6 /* Setting.storyboard in Resources */ = {isa = PBXBuildFile; fileRef = 277FDE922757E2920035C0B6 /* Setting.storyboard */; };
		277FDE952757E2A40035C0B6 /* SettingViewController.swift in Sources */ = {isa = PBXBuildFile; fileRef = 277FDE942757E2A40035C0B6 /* SettingViewController.swift */; };
		277FDE9D2758129A0035C0B6 /* UITextField+Extension.swift in Sources */ = {isa = PBXBuildFile; fileRef = 277FDE9C2758129A0035C0B6 /* UITextField+Extension.swift */; };
		277FDEA027599FDD0035C0B6 /* NotificationBannerSwift in Frameworks */ = {isa = PBXBuildFile; productRef = 277FDE9F27599FDD0035C0B6 /* NotificationBannerSwift */; };
		277FDEA42759BE150035C0B6 /* surprised.png in Resources */ = {isa = PBXBuildFile; fileRef = 277FDEA32759BE150035C0B6 /* surprised.png */; };
		277FDEA62759FDF50035C0B6 /* Customs.swift in Sources */ = {isa = PBXBuildFile; fileRef = 277FDEA52759FDF50035C0B6 /* Customs.swift */; };
		277FDEA9275A9F380035C0B6 /* 나눔손글씨 바른히피.ttf in Resources */ = {isa = PBXBuildFile; fileRef = 277FDEA8275A9F380035C0B6 /* 나눔손글씨 바른히피.ttf */; };
		277FDEAB275AA3600035C0B6 /* UIFont+Extension.swift in Sources */ = {isa = PBXBuildFile; fileRef = 277FDEAA275AA3600035C0B6 /* UIFont+Extension.swift */; };
		27B6296F27D7A2FE0040F59F /* UserDefault.swift in Sources */ = {isa = PBXBuildFile; fileRef = 27B6296E27D7A2FE0040F59F /* UserDefault.swift */; };
		27C256CA27DE38EC00BB3164 /* UIAlertController+Extension.swift in Sources */ = {isa = PBXBuildFile; fileRef = 27C256C927DE38EC00BB3164 /* UIAlertController+Extension.swift */; };
		27C256CC27E24C5900BB3164 /* GoogleService-Info.plist in Resources */ = {isa = PBXBuildFile; fileRef = 27C256CB27E24C5800BB3164 /* GoogleService-Info.plist */; };
		27C97CEA27FB4F30009D4ABA /* BaseViewController.swift in Sources */ = {isa = PBXBuildFile; fileRef = 27C97CE927FB4F30009D4ABA /* BaseViewController.swift */; };
		27CD3F79281135F9002A9B1D /* KCC-Kimhwanki.otf in Resources */ = {isa = PBXBuildFile; fileRef = 27CD3F78281135F9002A9B1D /* KCC-Kimhwanki.otf */; };
		27CF6F322820350500E00FE9 /* MyPrivacyInfo.plist in Resources */ = {isa = PBXBuildFile; fileRef = 27CF6F312820350500E00FE9 /* MyPrivacyInfo.plist */; };
		27CF6F34282035CA00E00FE9 /* Bundle+Extension.swift in Sources */ = {isa = PBXBuildFile; fileRef = 27CF6F33282035CA00E00FE9 /* Bundle+Extension.swift */; };
		27DB47C1275AD2F5003BFDC7 /* wasted.png in Resources */ = {isa = PBXBuildFile; fileRef = 27DB47C0275AD2F5003BFDC7 /* wasted.png */; };
		27DB47C3275BB868003BFDC7 /* yummy.png in Resources */ = {isa = PBXBuildFile; fileRef = 27DB47C2275BB868003BFDC7 /* yummy.png */; };
		27E894A427F5B6AC004FCAC7 /* FontSetting.storyboard in Resources */ = {isa = PBXBuildFile; fileRef = 27E894A327F5B6AC004FCAC7 /* FontSetting.storyboard */; };
		27E894A627F5B6C2004FCAC7 /* FontSettingController.swift in Sources */ = {isa = PBXBuildFile; fileRef = 27E894A527F5B6C2004FCAC7 /* FontSettingController.swift */; };
/* End PBXBuildFile section */

/* Begin PBXFileReference section */
		27353A4027EB893D00B6D834 /* NotoSansCJKkr-Regular.otf */ = {isa = PBXFileReference; lastKnownFileType = file; path = "NotoSansCJKkr-Regular.otf"; sourceTree = "<group>"; };
		27353A4127EB893E00B6D834 /* NotoSansCJKkr-Medium.otf */ = {isa = PBXFileReference; lastKnownFileType = file; path = "NotoSansCJKkr-Medium.otf"; sourceTree = "<group>"; };
		275830132749584100CEE9FA /* Constants.swift */ = {isa = PBXFileReference; lastKnownFileType = sourcecode.swift; path = Constants.swift; sourceTree = "<group>"; };
		27604F38274AE97D00E7EABE /* DatePickerViewController.swift */ = {isa = PBXFileReference; lastKnownFileType = sourcecode.swift; path = DatePickerViewController.swift; sourceTree = "<group>"; };
		27604F3A274AE98D00E7EABE /* EmotionPickerViewController.swift */ = {isa = PBXFileReference; lastKnownFileType = sourcecode.swift; path = EmotionPickerViewController.swift; sourceTree = "<group>"; };
		27604F3C274BE87600E7EABE /* DateFormatter+Extension.swift */ = {isa = PBXFileReference; lastKnownFileType = sourcecode.swift; path = "DateFormatter+Extension.swift"; sourceTree = "<group>"; };
		27604F3F2752D28D00E7EABE /* smile.png */ = {isa = PBXFileReference; lastKnownFileType = image.png; path = smile.png; sourceTree = "<group>"; };
		27604F412752D45200E7EABE /* expressionless.png */ = {isa = PBXFileReference; lastKnownFileType = image.png; path = expressionless.png; sourceTree = "<group>"; };
		27604F422752D45200E7EABE /* sad.png */ = {isa = PBXFileReference; lastKnownFileType = image.png; path = sad.png; sourceTree = "<group>"; };
		27604F432752D45300E7EABE /* rich.png */ = {isa = PBXFileReference; lastKnownFileType = image.png; path = rich.png; sourceTree = "<group>"; };
		27604F452752D45300E7EABE /* angry.png */ = {isa = PBXFileReference; lastKnownFileType = image.png; path = angry.png; sourceTree = "<group>"; };
		27604F462752D45300E7EABE /* cry.png */ = {isa = PBXFileReference; lastKnownFileType = image.png; path = cry.png; sourceTree = "<group>"; };
		2770B3CA2795E56000AF63A1 /* UITableViewCell+Extension.swift */ = {isa = PBXFileReference; lastKnownFileType = sourcecode.swift; path = "UITableViewCell+Extension.swift"; sourceTree = "<group>"; };
		277ED11B2746CDC00091C076 /* RetailTherapyRecord.app */ = {isa = PBXFileReference; explicitFileType = wrapper.application; includeInIndex = 0; path = RetailTherapyRecord.app; sourceTree = BUILT_PRODUCTS_DIR; };
		277ED11E2746CDC00091C076 /* AppDelegate.swift */ = {isa = PBXFileReference; lastKnownFileType = sourcecode.swift; path = AppDelegate.swift; sourceTree = "<group>"; };
		277ED1202746CDC00091C076 /* SceneDelegate.swift */ = {isa = PBXFileReference; lastKnownFileType = sourcecode.swift; path = SceneDelegate.swift; sourceTree = "<group>"; };
		277ED1252746CDC00091C076 /* Base */ = {isa = PBXFileReference; lastKnownFileType = file.storyboard; name = Base; path = Base.lproj/MainTabBar.storyboard; sourceTree = "<group>"; };
		277ED1272746CDC40091C076 /* Assets.xcassets */ = {isa = PBXFileReference; lastKnownFileType = folder.assetcatalog; path = Assets.xcassets; sourceTree = "<group>"; };
		277ED12A2746CDC40091C076 /* Base */ = {isa = PBXFileReference; lastKnownFileType = file.storyboard; name = Base; path = Base.lproj/LaunchScreen.storyboard; sourceTree = "<group>"; };
		277ED12C2746CDC40091C076 /* Info.plist */ = {isa = PBXFileReference; lastKnownFileType = text.plist.xml; path = Info.plist; sourceTree = "<group>"; };
		277ED14C2746DA340091C076 /* CostModel.swift */ = {isa = PBXFileReference; lastKnownFileType = sourcecode.swift; path = CostModel.swift; sourceTree = "<group>"; };
		277ED14E2747FDEA0091C076 /* List.storyboard */ = {isa = PBXFileReference; lastKnownFileType = file.storyboard; path = List.storyboard; sourceTree = "<group>"; };
		277ED1502747FDFA0091C076 /* Calendar.storyboard */ = {isa = PBXFileReference; lastKnownFileType = file.storyboard; path = Calendar.storyboard; sourceTree = "<group>"; };
		277ED1522747FE140091C076 /* ListViewController.swift */ = {isa = PBXFileReference; lastKnownFileType = sourcecode.swift; path = ListViewController.swift; sourceTree = "<group>"; };
		277ED1542747FE240091C076 /* CalendarViewController.swift */ = {isa = PBXFileReference; lastKnownFileType = sourcecode.swift; path = CalendarViewController.swift; sourceTree = "<group>"; };
		277ED156274805700091C076 /* RecordViewController.swift */ = {isa = PBXFileReference; lastKnownFileType = sourcecode.swift; path = RecordViewController.swift; sourceTree = "<group>"; };
		277ED158274805820091C076 /* Record.storyboard */ = {isa = PBXFileReference; lastKnownFileType = file.storyboard; path = Record.storyboard; sourceTree = "<group>"; };
		277ED15C274807B10091C076 /* MainTabBarController.swift */ = {isa = PBXFileReference; lastKnownFileType = sourcecode.swift; path = MainTabBarController.swift; sourceTree = "<group>"; };
		277FDE8A275414960035C0B6 /* UILabel+Extension.swift */ = {isa = PBXFileReference; lastKnownFileType = sourcecode.swift; path = "UILabel+Extension.swift"; sourceTree = "<group>"; };
		277FDE8E27576B7F0035C0B6 /* UIColor+Extension.swift */ = {isa = PBXFileReference; lastKnownFileType = sourcecode.swift; path = "UIColor+Extension.swift"; sourceTree = "<group>"; };
		277FDE902757D75D0035C0B6 /* greedy.png */ = {isa = PBXFileReference; lastKnownFileType = image.png; path = greedy.png; sourceTree = "<group>"; };
		277FDE922757E2920035C0B6 /* Setting.storyboard */ = {isa = PBXFileReference; lastKnownFileType = file.storyboard; path = Setting.storyboard; sourceTree = "<group>"; };
		277FDE942757E2A40035C0B6 /* SettingViewController.swift */ = {isa = PBXFileReference; lastKnownFileType = sourcecode.swift; path = SettingViewController.swift; sourceTree = "<group>"; };
		277FDE9C2758129A0035C0B6 /* UITextField+Extension.swift */ = {isa = PBXFileReference; lastKnownFileType = sourcecode.swift; path = "UITextField+Extension.swift"; sourceTree = "<group>"; };
		277FDEA32759BE150035C0B6 /* surprised.png */ = {isa = PBXFileReference; lastKnownFileType = image.png; path = surprised.png; sourceTree = "<group>"; };
		277FDEA52759FDF50035C0B6 /* Customs.swift */ = {isa = PBXFileReference; lastKnownFileType = sourcecode.swift; path = Customs.swift; sourceTree = "<group>"; };
		277FDEA8275A9F380035C0B6 /* 나눔손글씨 바른히피.ttf */ = {isa = PBXFileReference; lastKnownFileType = file; path = "나눔손글씨 바른히피.ttf"; sourceTree = "<group>"; };
		277FDEAA275AA3600035C0B6 /* UIFont+Extension.swift */ = {isa = PBXFileReference; lastKnownFileType = sourcecode.swift; path = "UIFont+Extension.swift"; sourceTree = "<group>"; };
		27B6296E27D7A2FE0040F59F /* UserDefault.swift */ = {isa = PBXFileReference; lastKnownFileType = sourcecode.swift; path = UserDefault.swift; sourceTree = "<group>"; };
		27C256C927DE38EC00BB3164 /* UIAlertController+Extension.swift */ = {isa = PBXFileReference; lastKnownFileType = sourcecode.swift; path = "UIAlertController+Extension.swift"; sourceTree = "<group>"; };
		27C256CB27E24C5800BB3164 /* GoogleService-Info.plist */ = {isa = PBXFileReference; fileEncoding = 4; lastKnownFileType = text.plist.xml; path = "GoogleService-Info.plist"; sourceTree = "<group>"; };
		27C97CE927FB4F30009D4ABA /* BaseViewController.swift */ = {isa = PBXFileReference; lastKnownFileType = sourcecode.swift; path = BaseViewController.swift; sourceTree = "<group>"; };
		27CD3F78281135F9002A9B1D /* KCC-Kimhwanki.otf */ = {isa = PBXFileReference; lastKnownFileType = file; path = "KCC-Kimhwanki.otf"; sourceTree = "<group>"; };
		27CF6F312820350500E00FE9 /* MyPrivacyInfo.plist */ = {isa = PBXFileReference; lastKnownFileType = text.plist.xml; path = MyPrivacyInfo.plist; sourceTree = "<group>"; };
		27CF6F33282035CA00E00FE9 /* Bundle+Extension.swift */ = {isa = PBXFileReference; lastKnownFileType = sourcecode.swift; path = "Bundle+Extension.swift"; sourceTree = "<group>"; };
		27DB47C0275AD2F5003BFDC7 /* wasted.png */ = {isa = PBXFileReference; lastKnownFileType = image.png; path = wasted.png; sourceTree = "<group>"; };
		27DB47C2275BB868003BFDC7 /* yummy.png */ = {isa = PBXFileReference; lastKnownFileType = image.png; path = yummy.png; sourceTree = "<group>"; };
		27E894A327F5B6AC004FCAC7 /* FontSetting.storyboard */ = {isa = PBXFileReference; lastKnownFileType = file.storyboard; path = FontSetting.storyboard; sourceTree = "<group>"; };
		27E894A527F5B6C2004FCAC7 /* FontSettingController.swift */ = {isa = PBXFileReference; lastKnownFileType = sourcecode.swift; path = FontSettingController.swift; sourceTree = "<group>"; };
		3A8BFD90383030CCCC11E818 /* Pods-RetailTherapyRecord.debug.xcconfig */ = {isa = PBXFileReference; includeInIndex = 1; lastKnownFileType = text.xcconfig; name = "Pods-RetailTherapyRecord.debug.xcconfig"; path = "Target Support Files/Pods-RetailTherapyRecord/Pods-RetailTherapyRecord.debug.xcconfig"; sourceTree = "<group>"; };
		7EC50275801E73B38BD85FBA /* Pods-RetailTherapyRecord.release.xcconfig */ = {isa = PBXFileReference; includeInIndex = 1; lastKnownFileType = text.xcconfig; name = "Pods-RetailTherapyRecord.release.xcconfig"; path = "Target Support Files/Pods-RetailTherapyRecord/Pods-RetailTherapyRecord.release.xcconfig"; sourceTree = "<group>"; };
		AD9C06B8260F11ED587A1429 /* Pods_RetailTherapyRecord.framework */ = {isa = PBXFileReference; explicitFileType = wrapper.framework; includeInIndex = 0; path = Pods_RetailTherapyRecord.framework; sourceTree = BUILT_PRODUCTS_DIR; };
/* End PBXFileReference section */

/* Begin PBXFrameworksBuildPhase section */
		277ED1182746CDC00091C076 /* Frameworks */ = {
			isa = PBXFrameworksBuildPhase;
			buildActionMask = 2147483647;
			files = (
				277ED16027481A280091C076 /* JJFloatingActionButton in Frameworks */,
				277ED1492746D34A0091C076 /* Realm in Frameworks */,
				277FDEA027599FDD0035C0B6 /* NotificationBannerSwift in Frameworks */,
				277ED14B2746D34A0091C076 /* RealmSwift in Frameworks */,
				277ED1432746D2EE0091C076 /* IQKeyboardManagerSwift in Frameworks */,
				277ED1462746D2FE0091C076 /* FSCalendar in Frameworks */,
				060602FD2031B3C7BD1203E7 /* Pods_RetailTherapyRecord.framework in Frameworks */,
			);
			runOnlyForDeploymentPostprocessing = 0;
		};
/* End PBXFrameworksBuildPhase section */

/* Begin PBXGroup section */
		27583012274957D700CEE9FA /* Utils */ = {
			isa = PBXGroup;
			children = (
				275830132749584100CEE9FA /* Constants.swift */,
				277FDEA52759FDF50035C0B6 /* Customs.swift */,
				27B6296E27D7A2FE0040F59F /* UserDefault.swift */,
			);
			path = Utils;
			sourceTree = "<group>";
		};
		27604F3E2752D27600E7EABE /* Images */ = {
			isa = PBXGroup;
			children = (
				27604F412752D45200E7EABE /* expressionless.png */,
				27604F3F2752D28D00E7EABE /* smile.png */,
				27604F452752D45300E7EABE /* angry.png */,
				27604F462752D45300E7EABE /* cry.png */,
				27604F422752D45200E7EABE /* sad.png */,
				27DB47C2275BB868003BFDC7 /* yummy.png */,
				27604F432752D45300E7EABE /* rich.png */,
				27DB47C0275AD2F5003BFDC7 /* wasted.png */,
				277FDE902757D75D0035C0B6 /* greedy.png */,
				277FDEA32759BE150035C0B6 /* surprised.png */,
			);
			path = Images;
			sourceTree = "<group>";
		};
		277ED1122746CDC00091C076 = {
			isa = PBXGroup;
			children = (
				277ED11D2746CDC00091C076 /* RetailTherapyRecord */,
				277ED11C2746CDC00091C076 /* Products */,
				7CC4343C69984A9AF3D31413 /* Pods */,
				63349B865409EC98B4A9F9BA /* Frameworks */,
			);
			sourceTree = "<group>";
		};
		277ED11C2746CDC00091C076 /* Products */ = {
			isa = PBXGroup;
			children = (
				277ED11B2746CDC00091C076 /* RetailTherapyRecord.app */,
			);
			name = Products;
			sourceTree = "<group>";
		};
		277ED11D2746CDC00091C076 /* RetailTherapyRecord */ = {
			isa = PBXGroup;
			children = (
				277ED1372746CF370091C076 /* ViewControllers */,
				277ED1352746CF190091C076 /* Models */,
				277ED1342746CF0E0091C076 /* Extensions */,
				27583012274957D700CEE9FA /* Utils */,
				277ED1362746CF2A0091C076 /* SupportFiles */,
			);
			path = RetailTherapyRecord;
			sourceTree = "<group>";
		};
		277ED1342746CF0E0091C076 /* Extensions */ = {
			isa = PBXGroup;
			children = (
				27604F3C274BE87600E7EABE /* DateFormatter+Extension.swift */,
				277FDE8A275414960035C0B6 /* UILabel+Extension.swift */,
				277FDE8E27576B7F0035C0B6 /* UIColor+Extension.swift */,
				277FDE9C2758129A0035C0B6 /* UITextField+Extension.swift */,
				277FDEAA275AA3600035C0B6 /* UIFont+Extension.swift */,
				2770B3CA2795E56000AF63A1 /* UITableViewCell+Extension.swift */,
				27C256C927DE38EC00BB3164 /* UIAlertController+Extension.swift */,
				27CF6F33282035CA00E00FE9 /* Bundle+Extension.swift */,
			);
			path = Extensions;
			sourceTree = "<group>";
		};
		277ED1352746CF190091C076 /* Models */ = {
			isa = PBXGroup;
			children = (
				277ED14C2746DA340091C076 /* CostModel.swift */,
			);
			path = Models;
			sourceTree = "<group>";
		};
		277ED1362746CF2A0091C076 /* SupportFiles */ = {
			isa = PBXGroup;
			children = (
				277FDEA7275A9EF10035C0B6 /* Fonts */,
				27604F3E2752D27600E7EABE /* Images */,
				277ED11E2746CDC00091C076 /* AppDelegate.swift */,
				277ED1202746CDC00091C076 /* SceneDelegate.swift */,
				277ED1272746CDC40091C076 /* Assets.xcassets */,
				277ED12C2746CDC40091C076 /* Info.plist */,
				27C256CB27E24C5800BB3164 /* GoogleService-Info.plist */,
				27CF6F312820350500E00FE9 /* MyPrivacyInfo.plist */,
			);
			path = SupportFiles;
			sourceTree = "<group>";
		};
		277ED1372746CF370091C076 /* ViewControllers */ = {
			isa = PBXGroup;
			children = (
				277ED1292746CDC40091C076 /* LaunchScreen.storyboard */,
				277ED1242746CDC00091C076 /* MainTabBar.storyboard */,
				277ED15C274807B10091C076 /* MainTabBarController.swift */,
				277ED14E2747FDEA0091C076 /* List.storyboard */,
				277ED1522747FE140091C076 /* ListViewController.swift */,
				277ED1502747FDFA0091C076 /* Calendar.storyboard */,
				277ED1542747FE240091C076 /* CalendarViewController.swift */,
				277ED158274805820091C076 /* Record.storyboard */,
				277ED156274805700091C076 /* RecordViewController.swift */,
				27604F38274AE97D00E7EABE /* DatePickerViewController.swift */,
				27604F3A274AE98D00E7EABE /* EmotionPickerViewController.swift */,
				277FDE922757E2920035C0B6 /* Setting.storyboard */,
				277FDE942757E2A40035C0B6 /* SettingViewController.swift */,
				27E894A327F5B6AC004FCAC7 /* FontSetting.storyboard */,
				27E894A527F5B6C2004FCAC7 /* FontSettingController.swift */,
				27C97CE927FB4F30009D4ABA /* BaseViewController.swift */,
			);
			path = ViewControllers;
			sourceTree = "<group>";
		};
		277FDEA7275A9EF10035C0B6 /* Fonts */ = {
			isa = PBXGroup;
			children = (
				27CD3F78281135F9002A9B1D /* KCC-Kimhwanki.otf */,
				27353A4127EB893E00B6D834 /* NotoSansCJKkr-Medium.otf */,
				27353A4027EB893D00B6D834 /* NotoSansCJKkr-Regular.otf */,
				277FDEA8275A9F380035C0B6 /* 나눔손글씨 바른히피.ttf */,
			);
			path = Fonts;
			sourceTree = "<group>";
		};
		63349B865409EC98B4A9F9BA /* Frameworks */ = {
			isa = PBXGroup;
			children = (
				AD9C06B8260F11ED587A1429 /* Pods_RetailTherapyRecord.framework */,
			);
			name = Frameworks;
			sourceTree = "<group>";
		};
		7CC4343C69984A9AF3D31413 /* Pods */ = {
			isa = PBXGroup;
			children = (
				3A8BFD90383030CCCC11E818 /* Pods-RetailTherapyRecord.debug.xcconfig */,
				7EC50275801E73B38BD85FBA /* Pods-RetailTherapyRecord.release.xcconfig */,
			);
			path = Pods;
			sourceTree = "<group>";
		};
/* End PBXGroup section */

/* Begin PBXNativeTarget section */
		277ED11A2746CDC00091C076 /* RetailTherapyRecord */ = {
			isa = PBXNativeTarget;
			buildConfigurationList = 277ED12F2746CDC40091C076 /* Build configuration list for PBXNativeTarget "RetailTherapyRecord" */;
			buildPhases = (
				DBD0DFC40317C7CD83B825D8 /* [CP] Check Pods Manifest.lock */,
				277ED1172746CDC00091C076 /* Sources */,
				277ED1182746CDC00091C076 /* Frameworks */,
				277ED1192746CDC00091C076 /* Resources */,
				9FE929B16BF1085A52D14F58 /* [CP] Embed Pods Frameworks */,
				27168A9427E3A4DA000068D5 /* ShellScript */,
			);
			buildRules = (
			);
			dependencies = (
			);
			name = RetailTherapyRecord;
			packageProductDependencies = (
				277ED1422746D2EE0091C076 /* IQKeyboardManagerSwift */,
				277ED1452746D2FE0091C076 /* FSCalendar */,
				277ED1482746D34A0091C076 /* Realm */,
				277ED14A2746D34A0091C076 /* RealmSwift */,
				277ED15F27481A280091C076 /* JJFloatingActionButton */,
				277FDE9F27599FDD0035C0B6 /* NotificationBannerSwift */,
			);
			productName = RetailTherapyRecord;
			productReference = 277ED11B2746CDC00091C076 /* RetailTherapyRecord.app */;
			productType = "com.apple.product-type.application";
		};
/* End PBXNativeTarget section */

/* Begin PBXProject section */
		277ED1132746CDC00091C076 /* Project object */ = {
			isa = PBXProject;
			attributes = {
				BuildIndependentTargetsInParallel = 1;
				LastSwiftUpdateCheck = 1310;
				LastUpgradeCheck = 1310;
				TargetAttributes = {
					277ED11A2746CDC00091C076 = {
						CreatedOnToolsVersion = 13.1;
					};
				};
			};
			buildConfigurationList = 277ED1162746CDC00091C076 /* Build configuration list for PBXProject "RetailTherapyRecord" */;
			compatibilityVersion = "Xcode 13.0";
			developmentRegion = en;
			hasScannedForEncodings = 0;
			knownRegions = (
				en,
				Base,
			);
			mainGroup = 277ED1122746CDC00091C076;
			packageReferences = (
				277ED1412746D2EE0091C076 /* XCRemoteSwiftPackageReference "IQKeyboardManager" */,
				277ED1442746D2FE0091C076 /* XCRemoteSwiftPackageReference "FSCalendar" */,
				277ED1472746D34A0091C076 /* XCRemoteSwiftPackageReference "realm-cocoa" */,
				277ED15E27481A280091C076 /* XCRemoteSwiftPackageReference "JJFloatingActionButton" */,
				277FDE9E27599FDD0035C0B6 /* XCRemoteSwiftPackageReference "NotificationBanner" */,
				27CF5358279343D5003F1DAA /* XCRemoteSwiftPackageReference "SnapKit" */,
			);
			productRefGroup = 277ED11C2746CDC00091C076 /* Products */;
			projectDirPath = "";
			projectRoot = "";
			targets = (
				277ED11A2746CDC00091C076 /* RetailTherapyRecord */,
			);
		};
/* End PBXProject section */

/* Begin PBXResourcesBuildPhase section */
		277ED1192746CDC00091C076 /* Resources */ = {
			isa = PBXResourcesBuildPhase;
			buildActionMask = 2147483647;
			files = (
				277FDE912757D75D0035C0B6 /* greedy.png in Resources */,
				277FDEA42759BE150035C0B6 /* surprised.png in Resources */,
				27604F482752D45300E7EABE /* sad.png in Resources */,
				27CD3F79281135F9002A9B1D /* KCC-Kimhwanki.otf in Resources */,
				27604F492752D45300E7EABE /* rich.png in Resources */,
				277ED12B2746CDC40091C076 /* LaunchScreen.storyboard in Resources */,
				27353A4227EB893E00B6D834 /* NotoSansCJKkr-Regular.otf in Resources */,
				27CF6F322820350500E00FE9 /* MyPrivacyInfo.plist in Resources */,
				27604F402752D28E00E7EABE /* smile.png in Resources */,
				27604F4B2752D45300E7EABE /* angry.png in Resources */,
				27353A4327EB893E00B6D834 /* NotoSansCJKkr-Medium.otf in Resources */,
				277FDE932757E2920035C0B6 /* Setting.storyboard in Resources */,
				277ED1282746CDC40091C076 /* Assets.xcassets in Resources */,
				27DB47C3275BB868003BFDC7 /* yummy.png in Resources */,
				277ED14F2747FDEA0091C076 /* List.storyboard in Resources */,
				27C256CC27E24C5900BB3164 /* GoogleService-Info.plist in Resources */,
				27604F4C2752D45300E7EABE /* cry.png in Resources */,
				27DB47C1275AD2F5003BFDC7 /* wasted.png in Resources */,
				27604F472752D45300E7EABE /* expressionless.png in Resources */,
				277ED159274805820091C076 /* Record.storyboard in Resources */,
				277FDEA9275A9F380035C0B6 /* 나눔손글씨 바른히피.ttf in Resources */,
				277ED1512747FDFA0091C076 /* Calendar.storyboard in Resources */,
				27E894A427F5B6AC004FCAC7 /* FontSetting.storyboard in Resources */,
				277ED1262746CDC00091C076 /* MainTabBar.storyboard in Resources */,
			);
			runOnlyForDeploymentPostprocessing = 0;
		};
/* End PBXResourcesBuildPhase section */

/* Begin PBXShellScriptBuildPhase section */
		27168A9427E3A4DA000068D5 /* ShellScript */ = {
			isa = PBXShellScriptBuildPhase;
			buildActionMask = 2147483647;
			files = (
			);
			inputFileListPaths = (
			);
			inputPaths = (
				"${DWARF_DSYM_FOLDER_PATH}/${DWARF_DSYM_FILE_NAME}/Contents/Resources/DWARF/${TARGET_NAME}",
				"$(SRCROOT)/$(BUILT_PRODUCTS_DIR)/$(INFOPLIST_PATH)",
			);
			outputFileListPaths = (
			);
			outputPaths = (
			);
			runOnlyForDeploymentPostprocessing = 0;
			shellPath = /bin/sh;
			shellScript = "\"${PODS_ROOT}/FirebaseCrashlytics/run\"\n";
		};
		9FE929B16BF1085A52D14F58 /* [CP] Embed Pods Frameworks */ = {
			isa = PBXShellScriptBuildPhase;
			buildActionMask = 2147483647;
			files = (
			);
			inputFileListPaths = (
				"${PODS_ROOT}/Target Support Files/Pods-RetailTherapyRecord/Pods-RetailTherapyRecord-frameworks-${CONFIGURATION}-input-files.xcfilelist",
			);
			name = "[CP] Embed Pods Frameworks";
			outputFileListPaths = (
				"${PODS_ROOT}/Target Support Files/Pods-RetailTherapyRecord/Pods-RetailTherapyRecord-frameworks-${CONFIGURATION}-output-files.xcfilelist",
			);
			runOnlyForDeploymentPostprocessing = 0;
			shellPath = /bin/sh;
			shellScript = "\"${PODS_ROOT}/Target Support Files/Pods-RetailTherapyRecord/Pods-RetailTherapyRecord-frameworks.sh\"\n";
			showEnvVarsInLog = 0;
		};
		DBD0DFC40317C7CD83B825D8 /* [CP] Check Pods Manifest.lock */ = {
			isa = PBXShellScriptBuildPhase;
			buildActionMask = 2147483647;
			files = (
			);
			inputFileListPaths = (
			);
			inputPaths = (
				"${PODS_PODFILE_DIR_PATH}/Podfile.lock",
				"${PODS_ROOT}/Manifest.lock",
			);
			name = "[CP] Check Pods Manifest.lock";
			outputFileListPaths = (
			);
			outputPaths = (
				"$(DERIVED_FILE_DIR)/Pods-RetailTherapyRecord-checkManifestLockResult.txt",
			);
			runOnlyForDeploymentPostprocessing = 0;
			shellPath = /bin/sh;
			shellScript = "diff \"${PODS_PODFILE_DIR_PATH}/Podfile.lock\" \"${PODS_ROOT}/Manifest.lock\" > /dev/null\nif [ $? != 0 ] ; then\n    # print error to STDERR\n    echo \"error: The sandbox is not in sync with the Podfile.lock. Run 'pod install' or update your CocoaPods installation.\" >&2\n    exit 1\nfi\n# This output is used by Xcode 'outputs' to avoid re-running this script phase.\necho \"SUCCESS\" > \"${SCRIPT_OUTPUT_FILE_0}\"\n";
			showEnvVarsInLog = 0;
		};
/* End PBXShellScriptBuildPhase section */

/* Begin PBXSourcesBuildPhase section */
		277ED1172746CDC00091C076 /* Sources */ = {
			isa = PBXSourcesBuildPhase;
			buildActionMask = 2147483647;
			files = (
				277FDE9D2758129A0035C0B6 /* UITextField+Extension.swift in Sources */,
				277ED1552747FE240091C076 /* CalendarViewController.swift in Sources */,
				277ED14D2746DA340091C076 /* CostModel.swift in Sources */,
				27604F39274AE97D00E7EABE /* DatePickerViewController.swift in Sources */,
				277ED157274805700091C076 /* RecordViewController.swift in Sources */,
				277ED15D274807B10091C076 /* MainTabBarController.swift in Sources */,
				27C256CA27DE38EC00BB3164 /* UIAlertController+Extension.swift in Sources */,
				277FDEA62759FDF50035C0B6 /* Customs.swift in Sources */,
				277FDE952757E2A40035C0B6 /* SettingViewController.swift in Sources */,
				27CF6F34282035CA00E00FE9 /* Bundle+Extension.swift in Sources */,
				277ED11F2746CDC00091C076 /* AppDelegate.swift in Sources */,
				277ED1532747FE140091C076 /* ListViewController.swift in Sources */,
				277FDEAB275AA3600035C0B6 /* UIFont+Extension.swift in Sources */,
				277ED1212746CDC00091C076 /* SceneDelegate.swift in Sources */,
				27C97CEA27FB4F30009D4ABA /* BaseViewController.swift in Sources */,
				277FDE8B275414970035C0B6 /* UILabel+Extension.swift in Sources */,
				27E894A627F5B6C2004FCAC7 /* FontSettingController.swift in Sources */,
				2770B3CB2795E56000AF63A1 /* UITableViewCell+Extension.swift in Sources */,
				27604F3B274AE98D00E7EABE /* EmotionPickerViewController.swift in Sources */,
				277FDE8F27576B800035C0B6 /* UIColor+Extension.swift in Sources */,
				27B6296F27D7A2FE0040F59F /* UserDefault.swift in Sources */,
				27604F3D274BE87700E7EABE /* DateFormatter+Extension.swift in Sources */,
				275830142749584100CEE9FA /* Constants.swift in Sources */,
			);
			runOnlyForDeploymentPostprocessing = 0;
		};
/* End PBXSourcesBuildPhase section */

/* Begin PBXVariantGroup section */
		277ED1242746CDC00091C076 /* MainTabBar.storyboard */ = {
			isa = PBXVariantGroup;
			children = (
				277ED1252746CDC00091C076 /* Base */,
			);
			name = MainTabBar.storyboard;
			sourceTree = "<group>";
		};
		277ED1292746CDC40091C076 /* LaunchScreen.storyboard */ = {
			isa = PBXVariantGroup;
			children = (
				277ED12A2746CDC40091C076 /* Base */,
			);
			name = LaunchScreen.storyboard;
			sourceTree = "<group>";
		};
/* End PBXVariantGroup section */

/* Begin XCBuildConfiguration section */
		277ED12D2746CDC40091C076 /* Debug */ = {
			isa = XCBuildConfiguration;
			buildSettings = {
				ALWAYS_SEARCH_USER_PATHS = NO;
				CLANG_ANALYZER_NONNULL = YES;
				CLANG_ANALYZER_NUMBER_OBJECT_CONVERSION = YES_AGGRESSIVE;
				CLANG_CXX_LANGUAGE_STANDARD = "gnu++17";
				CLANG_CXX_LIBRARY = "libc++";
				CLANG_ENABLE_MODULES = YES;
				CLANG_ENABLE_OBJC_ARC = YES;
				CLANG_ENABLE_OBJC_WEAK = YES;
				CLANG_WARN_BLOCK_CAPTURE_AUTORELEASING = YES;
				CLANG_WARN_BOOL_CONVERSION = YES;
				CLANG_WARN_COMMA = YES;
				CLANG_WARN_CONSTANT_CONVERSION = YES;
				CLANG_WARN_DEPRECATED_OBJC_IMPLEMENTATIONS = YES;
				CLANG_WARN_DIRECT_OBJC_ISA_USAGE = YES_ERROR;
				CLANG_WARN_DOCUMENTATION_COMMENTS = YES;
				CLANG_WARN_EMPTY_BODY = YES;
				CLANG_WARN_ENUM_CONVERSION = YES;
				CLANG_WARN_INFINITE_RECURSION = YES;
				CLANG_WARN_INT_CONVERSION = YES;
				CLANG_WARN_NON_LITERAL_NULL_CONVERSION = YES;
				CLANG_WARN_OBJC_IMPLICIT_RETAIN_SELF = YES;
				CLANG_WARN_OBJC_LITERAL_CONVERSION = YES;
				CLANG_WARN_OBJC_ROOT_CLASS = YES_ERROR;
				CLANG_WARN_QUOTED_INCLUDE_IN_FRAMEWORK_HEADER = YES;
				CLANG_WARN_RANGE_LOOP_ANALYSIS = YES;
				CLANG_WARN_STRICT_PROTOTYPES = YES;
				CLANG_WARN_SUSPICIOUS_MOVE = YES;
				CLANG_WARN_UNGUARDED_AVAILABILITY = YES_AGGRESSIVE;
				CLANG_WARN_UNREACHABLE_CODE = YES;
				CLANG_WARN__DUPLICATE_METHOD_MATCH = YES;
				COPY_PHASE_STRIP = NO;
				DEBUG_INFORMATION_FORMAT = dwarf;
				ENABLE_STRICT_OBJC_MSGSEND = YES;
				ENABLE_TESTABILITY = YES;
				GCC_C_LANGUAGE_STANDARD = gnu11;
				GCC_DYNAMIC_NO_PIC = NO;
				GCC_NO_COMMON_BLOCKS = YES;
				GCC_OPTIMIZATION_LEVEL = 0;
				GCC_PREPROCESSOR_DEFINITIONS = (
					"DEBUG=1",
					"$(inherited)",
				);
				GCC_WARN_64_TO_32_BIT_CONVERSION = YES;
				GCC_WARN_ABOUT_RETURN_TYPE = YES_ERROR;
				GCC_WARN_UNDECLARED_SELECTOR = YES;
				GCC_WARN_UNINITIALIZED_AUTOS = YES_AGGRESSIVE;
				GCC_WARN_UNUSED_FUNCTION = YES;
				GCC_WARN_UNUSED_VARIABLE = YES;
				IPHONEOS_DEPLOYMENT_TARGET = 15.0;
				MTL_ENABLE_DEBUG_INFO = INCLUDE_SOURCE;
				MTL_FAST_MATH = YES;
				ONLY_ACTIVE_ARCH = YES;
				SDKROOT = iphoneos;
				SWIFT_ACTIVE_COMPILATION_CONDITIONS = DEBUG;
				SWIFT_OPTIMIZATION_LEVEL = "-Onone";
			};
			name = Debug;
		};
		277ED12E2746CDC40091C076 /* Release */ = {
			isa = XCBuildConfiguration;
			buildSettings = {
				ALWAYS_SEARCH_USER_PATHS = NO;
				CLANG_ANALYZER_NONNULL = YES;
				CLANG_ANALYZER_NUMBER_OBJECT_CONVERSION = YES_AGGRESSIVE;
				CLANG_CXX_LANGUAGE_STANDARD = "gnu++17";
				CLANG_CXX_LIBRARY = "libc++";
				CLANG_ENABLE_MODULES = YES;
				CLANG_ENABLE_OBJC_ARC = YES;
				CLANG_ENABLE_OBJC_WEAK = YES;
				CLANG_WARN_BLOCK_CAPTURE_AUTORELEASING = YES;
				CLANG_WARN_BOOL_CONVERSION = YES;
				CLANG_WARN_COMMA = YES;
				CLANG_WARN_CONSTANT_CONVERSION = YES;
				CLANG_WARN_DEPRECATED_OBJC_IMPLEMENTATIONS = YES;
				CLANG_WARN_DIRECT_OBJC_ISA_USAGE = YES_ERROR;
				CLANG_WARN_DOCUMENTATION_COMMENTS = YES;
				CLANG_WARN_EMPTY_BODY = YES;
				CLANG_WARN_ENUM_CONVERSION = YES;
				CLANG_WARN_INFINITE_RECURSION = YES;
				CLANG_WARN_INT_CONVERSION = YES;
				CLANG_WARN_NON_LITERAL_NULL_CONVERSION = YES;
				CLANG_WARN_OBJC_IMPLICIT_RETAIN_SELF = YES;
				CLANG_WARN_OBJC_LITERAL_CONVERSION = YES;
				CLANG_WARN_OBJC_ROOT_CLASS = YES_ERROR;
				CLANG_WARN_QUOTED_INCLUDE_IN_FRAMEWORK_HEADER = YES;
				CLANG_WARN_RANGE_LOOP_ANALYSIS = YES;
				CLANG_WARN_STRICT_PROTOTYPES = YES;
				CLANG_WARN_SUSPICIOUS_MOVE = YES;
				CLANG_WARN_UNGUARDED_AVAILABILITY = YES_AGGRESSIVE;
				CLANG_WARN_UNREACHABLE_CODE = YES;
				CLANG_WARN__DUPLICATE_METHOD_MATCH = YES;
				COPY_PHASE_STRIP = NO;
				DEBUG_INFORMATION_FORMAT = "dwarf-with-dsym";
				ENABLE_NS_ASSERTIONS = NO;
				ENABLE_STRICT_OBJC_MSGSEND = YES;
				GCC_C_LANGUAGE_STANDARD = gnu11;
				GCC_NO_COMMON_BLOCKS = YES;
				GCC_WARN_64_TO_32_BIT_CONVERSION = YES;
				GCC_WARN_ABOUT_RETURN_TYPE = YES_ERROR;
				GCC_WARN_UNDECLARED_SELECTOR = YES;
				GCC_WARN_UNINITIALIZED_AUTOS = YES_AGGRESSIVE;
				GCC_WARN_UNUSED_FUNCTION = YES;
				GCC_WARN_UNUSED_VARIABLE = YES;
				IPHONEOS_DEPLOYMENT_TARGET = 15.0;
				MTL_ENABLE_DEBUG_INFO = NO;
				MTL_FAST_MATH = YES;
				SDKROOT = iphoneos;
				SWIFT_COMPILATION_MODE = wholemodule;
				SWIFT_OPTIMIZATION_LEVEL = "-O";
				VALIDATE_PRODUCT = YES;
			};
			name = Release;
		};
		277ED1302746CDC40091C076 /* Debug */ = {
			isa = XCBuildConfiguration;
			baseConfigurationReference = 3A8BFD90383030CCCC11E818 /* Pods-RetailTherapyRecord.debug.xcconfig */;
			buildSettings = {
				ASSETCATALOG_COMPILER_APPICON_NAME = AppIcon;
				ASSETCATALOG_COMPILER_GLOBAL_ACCENT_COLOR_NAME = AccentColor;
				CODE_SIGN_STYLE = Automatic;
				CURRENT_PROJECT_VERSION = 1.0.1;
				DEBUG_INFORMATION_FORMAT = "dwarf-with-dsym";
				DEVELOPMENT_TEAM = VJUS985676;
				GENERATE_INFOPLIST_FILE = YES;
				INFOPLIST_FILE = RetailTherapyRecord/SupportFiles/Info.plist;
				INFOPLIST_KEY_CFBundleDisplayName = "감정 소비";
				INFOPLIST_KEY_NSUserTrackingUsageDescription = "사용자 피드백을 수집하는데 동의해주세요! (개인정보는 절대 담기지 않습니다.)";
				INFOPLIST_KEY_UIApplicationSupportsIndirectInputEvents = YES;
				INFOPLIST_KEY_UILaunchStoryboardName = LaunchScreen;
				INFOPLIST_KEY_UIMainStoryboardFile = MainTabBar;
				INFOPLIST_KEY_UISupportedInterfaceOrientations = UIInterfaceOrientationPortrait;
				INFOPLIST_KEY_UISupportedInterfaceOrientations_iPad = "UIInterfaceOrientationPortrait UIInterfaceOrientationPortraitUpsideDown UIInterfaceOrientationLandscapeLeft UIInterfaceOrientationLandscapeRight";
				INFOPLIST_KEY_UISupportedInterfaceOrientations_iPhone = "UIInterfaceOrientationPortrait UIInterfaceOrientationLandscapeLeft UIInterfaceOrientationLandscapeRight";
				IPHONEOS_DEPLOYMENT_TARGET = 13.0;
				LD_RUNPATH_SEARCH_PATHS = (
					"$(inherited)",
					"@executable_path/Frameworks",
				);
				MARKETING_VERSION = 1.0.5;
				PRODUCT_BUNDLE_IDENTIFIER = com.yeop.RetailTherapyRecord;
				PRODUCT_NAME = "$(TARGET_NAME)";
				SWIFT_EMIT_LOC_STRINGS = YES;
				SWIFT_VERSION = 5.0;
				TARGETED_DEVICE_FAMILY = 1;
			};
			name = Debug;
		};
		277ED1312746CDC40091C076 /* Release */ = {
			isa = XCBuildConfiguration;
			baseConfigurationReference = 7EC50275801E73B38BD85FBA /* Pods-RetailTherapyRecord.release.xcconfig */;
			buildSettings = {
				ASSETCATALOG_COMPILER_APPICON_NAME = AppIcon;
				ASSETCATALOG_COMPILER_GLOBAL_ACCENT_COLOR_NAME = AccentColor;
				CODE_SIGN_STYLE = Automatic;
				CURRENT_PROJECT_VERSION = 1.0.1;
				DEVELOPMENT_TEAM = VJUS985676;
				GENERATE_INFOPLIST_FILE = YES;
				INFOPLIST_FILE = RetailTherapyRecord/SupportFiles/Info.plist;
				INFOPLIST_KEY_CFBundleDisplayName = "감정 소비";
				INFOPLIST_KEY_NSUserTrackingUsageDescription = "사용자 피드백을 수집하는데 동의해주세요! (개인정보는 절대 담기지 않습니다.)";
				INFOPLIST_KEY_UIApplicationSupportsIndirectInputEvents = YES;
				INFOPLIST_KEY_UILaunchStoryboardName = LaunchScreen;
				INFOPLIST_KEY_UIMainStoryboardFile = MainTabBar;
				INFOPLIST_KEY_UISupportedInterfaceOrientations = UIInterfaceOrientationPortrait;
				INFOPLIST_KEY_UISupportedInterfaceOrientations_iPad = "UIInterfaceOrientationPortrait UIInterfaceOrientationPortraitUpsideDown UIInterfaceOrientationLandscapeLeft UIInterfaceOrientationLandscapeRight";
				INFOPLIST_KEY_UISupportedInterfaceOrientations_iPhone = "UIInterfaceOrientationPortrait UIInterfaceOrientationLandscapeLeft UIInterfaceOrientationLandscapeRight";
				IPHONEOS_DEPLOYMENT_TARGET = 13.0;
				LD_RUNPATH_SEARCH_PATHS = (
					"$(inherited)",
					"@executable_path/Frameworks",
				);
				MARKETING_VERSION = 1.0.5;
				PRODUCT_BUNDLE_IDENTIFIER = com.yeop.RetailTherapyRecord;
				PRODUCT_NAME = "$(TARGET_NAME)";
				SWIFT_EMIT_LOC_STRINGS = YES;
				SWIFT_VERSION = 5.0;
				TARGETED_DEVICE_FAMILY = 1;
			};
			name = Release;
		};
/* End XCBuildConfiguration section */

/* Begin XCConfigurationList section */
		277ED1162746CDC00091C076 /* Build configuration list for PBXProject "RetailTherapyRecord" */ = {
			isa = XCConfigurationList;
			buildConfigurations = (
				277ED12D2746CDC40091C076 /* Debug */,
				277ED12E2746CDC40091C076 /* Release */,
			);
			defaultConfigurationIsVisible = 0;
			defaultConfigurationName = Release;
		};
		277ED12F2746CDC40091C076 /* Build configuration list for PBXNativeTarget "RetailTherapyRecord" */ = {
			isa = XCConfigurationList;
			buildConfigurations = (
				277ED1302746CDC40091C076 /* Debug */,
				277ED1312746CDC40091C076 /* Release */,
			);
			defaultConfigurationIsVisible = 0;
			defaultConfigurationName = Release;
		};
/* End XCConfigurationList section */

/* Begin XCRemoteSwiftPackageReference section */
		277ED1412746D2EE0091C076 /* XCRemoteSwiftPackageReference "IQKeyboardManager" */ = {
			isa = XCRemoteSwiftPackageReference;
			repositoryURL = "https://github.com/hackiftekhar/IQKeyboardManager.git";
			requirement = {
				kind = upToNextMajorVersion;
				minimumVersion = 6.0.0;
			};
		};
		277ED1442746D2FE0091C076 /* XCRemoteSwiftPackageReference "FSCalendar" */ = {
			isa = XCRemoteSwiftPackageReference;
			repositoryURL = "https://github.com/WenchaoD/FSCalendar.git";
			requirement = {
				kind = upToNextMajorVersion;
				minimumVersion = 2.0.0;
			};
		};
		277ED1472746D34A0091C076 /* XCRemoteSwiftPackageReference "realm-cocoa" */ = {
			isa = XCRemoteSwiftPackageReference;
			repositoryURL = "https://github.com/realm/realm-cocoa.git";
			requirement = {
				kind = exactVersion;
				version = 10.18.0;
			};
		};
		277ED15E27481A280091C076 /* XCRemoteSwiftPackageReference "JJFloatingActionButton" */ = {
			isa = XCRemoteSwiftPackageReference;
			repositoryURL = "https://github.com/jjochen/JJFloatingActionButton.git";
			requirement = {
				kind = upToNextMajorVersion;
				minimumVersion = 2.0.0;
			};
		};
		277FDE9E27599FDD0035C0B6 /* XCRemoteSwiftPackageReference "NotificationBanner" */ = {
			isa = XCRemoteSwiftPackageReference;
			repositoryURL = "https://github.com/Daltron/NotificationBanner.git";
			requirement = {
				kind = upToNextMajorVersion;
				minimumVersion = 3.0.0;
			};
		};
		27CF5358279343D5003F1DAA /* XCRemoteSwiftPackageReference "SnapKit" */ = {
			isa = XCRemoteSwiftPackageReference;
			repositoryURL = "https://github.com/SnapKit/SnapKit.git";
			requirement = {
				kind = upToNextMajorVersion;
				minimumVersion = 5.0.0;
			};
		};
/* End XCRemoteSwiftPackageReference section */

/* Begin XCSwiftPackageProductDependency section */
		277ED1422746D2EE0091C076 /* IQKeyboardManagerSwift */ = {
			isa = XCSwiftPackageProductDependency;
			package = 277ED1412746D2EE0091C076 /* XCRemoteSwiftPackageReference "IQKeyboardManager" */;
			productName = IQKeyboardManagerSwift;
		};
		277ED1452746D2FE0091C076 /* FSCalendar */ = {
			isa = XCSwiftPackageProductDependency;
			package = 277ED1442746D2FE0091C076 /* XCRemoteSwiftPackageReference "FSCalendar" */;
			productName = FSCalendar;
		};
		277ED1482746D34A0091C076 /* Realm */ = {
			isa = XCSwiftPackageProductDependency;
			package = 277ED1472746D34A0091C076 /* XCRemoteSwiftPackageReference "realm-cocoa" */;
			productName = Realm;
		};
		277ED14A2746D34A0091C076 /* RealmSwift */ = {
			isa = XCSwiftPackageProductDependency;
			package = 277ED1472746D34A0091C076 /* XCRemoteSwiftPackageReference "realm-cocoa" */;
			productName = RealmSwift;
		};
		277ED15F27481A280091C076 /* JJFloatingActionButton */ = {
			isa = XCSwiftPackageProductDependency;
			package = 277ED15E27481A280091C076 /* XCRemoteSwiftPackageReference "JJFloatingActionButton" */;
			productName = JJFloatingActionButton;
		};
		277FDE9F27599FDD0035C0B6 /* NotificationBannerSwift */ = {
			isa = XCSwiftPackageProductDependency;
			package = 277FDE9E27599FDD0035C0B6 /* XCRemoteSwiftPackageReference "NotificationBanner" */;
			productName = NotificationBannerSwift;
		};
/* End XCSwiftPackageProductDependency section */
	};
	rootObject = 277ED1132746CDC00091C076 /* Project object */;
}
